
Microsoft Visual Studio Solution File, Format Version 12.00
# Visual Studio Version 17
VisualStudioVersion = 17.4.33205.214
MinimumVisualStudioVersion = 10.0.40219.1
Project("{FAE04EC0-301F-11D3-BF4B-00C04F79EFBC}") = "WinFormSubcategories", "WinFormSubcategories\WinFormSubcategories.csproj", "{B75A0593-6EC9-49EF-BF90-0CD8B5B6E1F1}"
EndProject
Global
	GlobalSection(SolutionConfigurationPlatforms) = preSolution
		Debug|Any CPU = Debug|Any CPU
		Release|Any CPU = Release|Any CPU
	EndGlobalSection
	GlobalSection(ProjectConfigurationPlatforms) = postSolution
		{B75A0593-6EC9-49EF-BF90-0CD8B5B6E1F1}.Debug|Any CPU.ActiveCfg = Debug|Any CPU
		{B75A0593-6EC9-49EF-BF90-0CD8B5B6E1F1}.Debug|Any CPU.Build.0 = Debug|Any CPU
		{B75A0593-6EC9-49EF-BF90-0CD8B5B6E1F1}.Release|Any CPU.ActiveCfg = Release|Any CPU
		{B75A0593-6EC9-49EF-BF90-0CD8B5B6E1F1}.Release|Any CPU.Build.0 = Release|Any CPU
	EndGlobalSection
	GlobalSection(SolutionProperties) = preSolution
		HideSolutionNode = FALSE
	EndGlobalSection
	GlobalSection(ExtensibilityGlobals) = postSolution
		SolutionGuid = {97A87E30-E1D6-45B6-A8B0-AD3C59BCC6EB}
	EndGlobalSection
EndGlobal
